
Microsoft Visual Studio Solution File, Format Version 12.00
# Visual Studio Version 16
VisualStudioVersion = 16.0.31729.503
MinimumVisualStudioVersion = 10.0.40219.1
Project("{FAE04EC0-301F-11D3-BF4B-00C04F79EFBC}") = "WinForm_App-ESO_Tracker", "WinForm_App-ESO_Tracker.csproj", "{59D70609-6A31-4D4C-A61B-DD107827FD99}"
EndProject
Global
	GlobalSection(SolutionConfigurationPlatforms) = preSolution
		Debug|Any CPU = Debug|Any CPU
		Release|Any CPU = Release|Any CPU
	EndGlobalSection
	GlobalSection(ProjectConfigurationPlatforms) = postSolution
		{59D70609-6A31-4D4C-A61B-DD107827FD99}.Debug|Any CPU.ActiveCfg = Debug|Any CPU
		{59D70609-6A31-4D4C-A61B-DD107827FD99}.Debug|Any CPU.Build.0 = Debug|Any CPU
		{59D70609-6A31-4D4C-A61B-DD107827FD99}.Release|Any CPU.ActiveCfg = Release|Any CPU
		{59D70609-6A31-4D4C-A61B-DD107827FD99}.Release|Any CPU.Build.0 = Release|Any CPU
	EndGlobalSection
	GlobalSection(SolutionProperties) = preSolution
		HideSolutionNode = FALSE
	EndGlobalSection
	GlobalSection(ExtensibilityGlobals) = postSolution
		SolutionGuid = {D0949D09-77B8-4163-89B3-C0BDE8F7F3D1}
	EndGlobalSection
EndGlobal
